
Microsoft Visual Studio Solution File, Format Version 12.00
# Visual Studio Version 16
VisualStudioVersion = 16.0.31911.196
MinimumVisualStudioVersion = 10.0.40219.1
Project("{FAE04EC0-301F-11D3-BF4B-00C04F79EFBC}") = "ARABA YARIŞI", "ARABA YARIŞI\ARABA YARIŞI.csproj", "{7516236D-4F7F-407F-AAED-B9A51A984478}"
EndProject
Global
	GlobalSection(SolutionConfigurationPlatforms) = preSolution
		Debug|Any CPU = Debug|Any CPU
		Release|Any CPU = Release|Any CPU
	EndGlobalSection
	GlobalSection(ProjectConfigurationPlatforms) = postSolution
		{7516236D-4F7F-407F-AAED-B9A51A984478}.Debug|Any CPU.ActiveCfg = Debug|Any CPU
		{7516236D-4F7F-407F-AAED-B9A51A984478}.Debug|Any CPU.Build.0 = Debug|Any CPU
		{7516236D-4F7F-407F-AAED-B9A51A984478}.Release|Any CPU.ActiveCfg = Release|Any CPU
		{7516236D-4F7F-407F-AAED-B9A51A984478}.Release|Any CPU.Build.0 = Release|Any CPU
	EndGlobalSection
	GlobalSection(SolutionProperties) = preSolution
		HideSolutionNode = FALSE
	EndGlobalSection
	GlobalSection(ExtensibilityGlobals) = postSolution
		SolutionGuid = {B7D6A073-C7A1-427D-B683-A2E93CDBB742}
	EndGlobalSection
EndGlobal
